
Microsoft Visual Studio Solution File, Format Version 12.00
# Visual Studio Version 16
VisualStudioVersion = 16.0.30011.22
MinimumVisualStudioVersion = 10.0.40219.1
Project("{2150E333-8FDC-42A3-9474-1A3956D46DE8}") = "src", "src", "{647816CE-C840-4DBD-BF88-5343D8F53655}"
EndProject
Project("{2150E333-8FDC-42A3-9474-1A3956D46DE8}") = "tests", "tests", "{5D9F246F-D0CD-4498-B4E6-25A158B38FC2}"
EndProject
Project("{9A19103F-16F7-4668-BE54-9A1E7A4F7556}") = "TagsService", "src\TagsService\TagsService.csproj", "{3D388EEB-6228-47A3-B12C-5A83FC5D5357}"
EndProject
Project("{9A19103F-16F7-4668-BE54-9A1E7A4F7556}") = "TagsService.Tests", "tests\TagsService.Tests\TagsService.Tests.csproj", "{E9CF7F84-5E6B-4BB7-9441-1A8152A0C810}"
EndProject
Project("{9A19103F-16F7-4668-BE54-9A1E7A4F7556}") = "ArticlesService", "src\ArticlesService\ArticlesService.csproj", "{2227DB42-939D-43D1-AA42-BD102E098DAC}"
EndProject
Project("{9A19103F-16F7-4668-BE54-9A1E7A4F7556}") = "ProfilesService", "src\ProfilesService\ProfilesService.csproj", "{9E2786A7-B33F-4EB6-B635-55F22674877F}"
EndProject
Project("{9A19103F-16F7-4668-BE54-9A1E7A4F7556}") = "ArticlesService.Tests", "tests\ArticlesService.Tests\ArticlesService.Tests.csproj", "{0C59D5E5-F758-454A-A739-E2884094D27A}"
EndProject
Project("{2150E333-8FDC-42A3-9474-1A3956D46DE8}") = "articles", "articles", "{2D6DEE90-C7D1-42CA-B2FB-7B51BA4D511D}"
EndProject
Project("{2150E333-8FDC-42A3-9474-1A3956D46DE8}") = "gateway", "gateway", "{DB7E2EF0-1367-478D-B035-A9C9EACE7D29}"
EndProject
Project("{2150E333-8FDC-42A3-9474-1A3956D46DE8}") = "tags", "tags", "{9FDC14F9-0029-46A5-835A-2BF8DF2A569D}"
EndProject
Project("{2150E333-8FDC-42A3-9474-1A3956D46DE8}") = "users", "users", "{D815FA0C-B872-4E8C-A8B4-4586E7D66D6B}"
EndProject
Project("{9A19103F-16F7-4668-BE54-9A1E7A4F7556}") = "RemoteProxyApi", "src\RemoteProxyApi\RemoteProxyApi.csproj", "{61F0047F-6614-48D4-AD21-671269E5001D}"
EndProject
Project("{9A19103F-16F7-4668-BE54-9A1E7A4F7556}") = "ArticlesProtos", "src\ArticlesProtos\ArticlesProtos.csproj", "{67EA7BCE-3E9C-4610-9FD9-CEAF3451985A}"
EndProject
Project("{9A19103F-16F7-4668-BE54-9A1E7A4F7556}") = "ArticlesClient", "src\ArticlesClient\ArticlesClient.csproj", "{EEC2C510-B9BF-4819-BBEA-57C476253CAD}"
EndProject
Project("{9A19103F-16F7-4668-BE54-9A1E7A4F7556}") = "TagsClient", "src\TagsClient\TagsClient.csproj", "{95A9D8AE-793A-4FA6-AE44-4CB0ED14E5E1}"
EndProject
Project("{9A19103F-16F7-4668-BE54-9A1E7A4F7556}") = "TagsProtos", "src\TagsProtos\TagsProtos.csproj", "{5495D8DD-89F6-4FFD-B110-9AF2DC4D0404}"
EndProject
Project("{9A19103F-16F7-4668-BE54-9A1E7A4F7556}") = "Conduit.Sandbox", "tests\Conduit.Sandbox\Conduit.Sandbox.csproj", "{E4530FD2-A877-46DF-94C2-887D0277A115}"
EndProject
Project("{FAE04EC0-301F-11D3-BF4B-00C04F79EFBC}") = "ProfilesService.Tests", "tests\ProfilesService.Tests\ProfilesService.Tests.csproj", "{A2236F3F-71A1-4E7C-A870-CA9F3503AA5A}"
EndProject
Global
	GlobalSection(SolutionConfigurationPlatforms) = preSolution
		Debug|Any CPU = Debug|Any CPU
		Release|Any CPU = Release|Any CPU
	EndGlobalSection
	GlobalSection(ProjectConfigurationPlatforms) = postSolution
		{3D388EEB-6228-47A3-B12C-5A83FC5D5357}.Debug|Any CPU.ActiveCfg = Debug|Any CPU
		{3D388EEB-6228-47A3-B12C-5A83FC5D5357}.Debug|Any CPU.Build.0 = Debug|Any CPU
		{3D388EEB-6228-47A3-B12C-5A83FC5D5357}.Release|Any CPU.ActiveCfg = Release|Any CPU
		{3D388EEB-6228-47A3-B12C-5A83FC5D5357}.Release|Any CPU.Build.0 = Release|Any CPU
		{E9CF7F84-5E6B-4BB7-9441-1A8152A0C810}.Debug|Any CPU.ActiveCfg = Debug|Any CPU
		{E9CF7F84-5E6B-4BB7-9441-1A8152A0C810}.Debug|Any CPU.Build.0 = Debug|Any CPU
		{E9CF7F84-5E6B-4BB7-9441-1A8152A0C810}.Release|Any CPU.ActiveCfg = Release|Any CPU
		{E9CF7F84-5E6B-4BB7-9441-1A8152A0C810}.Release|Any CPU.Build.0 = Release|Any CPU
		{2227DB42-939D-43D1-AA42-BD102E098DAC}.Debug|Any CPU.ActiveCfg = Debug|Any CPU
		{2227DB42-939D-43D1-AA42-BD102E098DAC}.Debug|Any CPU.Build.0 = Debug|Any CPU
		{2227DB42-939D-43D1-AA42-BD102E098DAC}.Release|Any CPU.ActiveCfg = Release|Any CPU
		{2227DB42-939D-43D1-AA42-BD102E098DAC}.Release|Any CPU.Build.0 = Release|Any CPU
		{9E2786A7-B33F-4EB6-B635-55F22674877F}.Debug|Any CPU.ActiveCfg = Debug|Any CPU
		{9E2786A7-B33F-4EB6-B635-55F22674877F}.Debug|Any CPU.Build.0 = Debug|Any CPU
		{9E2786A7-B33F-4EB6-B635-55F22674877F}.Release|Any CPU.ActiveCfg = Release|Any CPU
		{9E2786A7-B33F-4EB6-B635-55F22674877F}.Release|Any CPU.Build.0 = Release|Any CPU
		{0C59D5E5-F758-454A-A739-E2884094D27A}.Debug|Any CPU.ActiveCfg = Debug|Any CPU
		{0C59D5E5-F758-454A-A739-E2884094D27A}.Debug|Any CPU.Build.0 = Debug|Any CPU
		{0C59D5E5-F758-454A-A739-E2884094D27A}.Release|Any CPU.ActiveCfg = Release|Any CPU
		{0C59D5E5-F758-454A-A739-E2884094D27A}.Release|Any CPU.Build.0 = Release|Any CPU
		{61F0047F-6614-48D4-AD21-671269E5001D}.Debug|Any CPU.ActiveCfg = Debug|Any CPU
		{61F0047F-6614-48D4-AD21-671269E5001D}.Debug|Any CPU.Build.0 = Debug|Any CPU
		{61F0047F-6614-48D4-AD21-671269E5001D}.Release|Any CPU.ActiveCfg = Release|Any CPU
		{61F0047F-6614-48D4-AD21-671269E5001D}.Release|Any CPU.Build.0 = Release|Any CPU
		{67EA7BCE-3E9C-4610-9FD9-CEAF3451985A}.Debug|Any CPU.ActiveCfg = Debug|Any CPU
		{67EA7BCE-3E9C-4610-9FD9-CEAF3451985A}.Debug|Any CPU.Build.0 = Debug|Any CPU
		{67EA7BCE-3E9C-4610-9FD9-CEAF3451985A}.Release|Any CPU.ActiveCfg = Release|Any CPU
		{67EA7BCE-3E9C-4610-9FD9-CEAF3451985A}.Release|Any CPU.Build.0 = Release|Any CPU
		{EEC2C510-B9BF-4819-BBEA-57C476253CAD}.Debug|Any CPU.ActiveCfg = Debug|Any CPU
		{EEC2C510-B9BF-4819-BBEA-57C476253CAD}.Debug|Any CPU.Build.0 = Debug|Any CPU
		{EEC2C510-B9BF-4819-BBEA-57C476253CAD}.Release|Any CPU.ActiveCfg = Release|Any CPU
		{EEC2C510-B9BF-4819-BBEA-57C476253CAD}.Release|Any CPU.Build.0 = Release|Any CPU
		{95A9D8AE-793A-4FA6-AE44-4CB0ED14E5E1}.Debug|Any CPU.ActiveCfg = Debug|Any CPU
		{95A9D8AE-793A-4FA6-AE44-4CB0ED14E5E1}.Debug|Any CPU.Build.0 = Debug|Any CPU
		{95A9D8AE-793A-4FA6-AE44-4CB0ED14E5E1}.Release|Any CPU.ActiveCfg = Release|Any CPU
		{95A9D8AE-793A-4FA6-AE44-4CB0ED14E5E1}.Release|Any CPU.Build.0 = Release|Any CPU
		{5495D8DD-89F6-4FFD-B110-9AF2DC4D0404}.Debug|Any CPU.ActiveCfg = Debug|Any CPU
		{5495D8DD-89F6-4FFD-B110-9AF2DC4D0404}.Debug|Any CPU.Build.0 = Debug|Any CPU
		{5495D8DD-89F6-4FFD-B110-9AF2DC4D0404}.Release|Any CPU.ActiveCfg = Release|Any CPU
		{5495D8DD-89F6-4FFD-B110-9AF2DC4D0404}.Release|Any CPU.Build.0 = Release|Any CPU
		{E4530FD2-A877-46DF-94C2-887D0277A115}.Debug|Any CPU.ActiveCfg = Debug|Any CPU
		{E4530FD2-A877-46DF-94C2-887D0277A115}.Debug|Any CPU.Build.0 = Debug|Any CPU
		{E4530FD2-A877-46DF-94C2-887D0277A115}.Release|Any CPU.ActiveCfg = Release|Any CPU
		{E4530FD2-A877-46DF-94C2-887D0277A115}.Release|Any CPU.Build.0 = Release|Any CPU
		{A2236F3F-71A1-4E7C-A870-CA9F3503AA5A}.Debug|Any CPU.ActiveCfg = Debug|Any CPU
		{A2236F3F-71A1-4E7C-A870-CA9F3503AA5A}.Debug|Any CPU.Build.0 = Debug|Any CPU
		{A2236F3F-71A1-4E7C-A870-CA9F3503AA5A}.Release|Any CPU.ActiveCfg = Release|Any CPU
		{A2236F3F-71A1-4E7C-A870-CA9F3503AA5A}.Release|Any CPU.Build.0 = Release|Any CPU
	EndGlobalSection
	GlobalSection(SolutionProperties) = preSolution
		HideSolutionNode = FALSE
	EndGlobalSection
	GlobalSection(NestedProjects) = preSolution
		{3D388EEB-6228-47A3-B12C-5A83FC5D5357} = {9FDC14F9-0029-46A5-835A-2BF8DF2A569D}
		{E9CF7F84-5E6B-4BB7-9441-1A8152A0C810} = {5D9F246F-D0CD-4498-B4E6-25A158B38FC2}
		{2227DB42-939D-43D1-AA42-BD102E098DAC} = {2D6DEE90-C7D1-42CA-B2FB-7B51BA4D511D}
		{9E2786A7-B33F-4EB6-B635-55F22674877F} = {D815FA0C-B872-4E8C-A8B4-4586E7D66D6B}
		{0C59D5E5-F758-454A-A739-E2884094D27A} = {5D9F246F-D0CD-4498-B4E6-25A158B38FC2}
		{2D6DEE90-C7D1-42CA-B2FB-7B51BA4D511D} = {647816CE-C840-4DBD-BF88-5343D8F53655}
		{DB7E2EF0-1367-478D-B035-A9C9EACE7D29} = {647816CE-C840-4DBD-BF88-5343D8F53655}
		{9FDC14F9-0029-46A5-835A-2BF8DF2A569D} = {647816CE-C840-4DBD-BF88-5343D8F53655}
		{D815FA0C-B872-4E8C-A8B4-4586E7D66D6B} = {647816CE-C840-4DBD-BF88-5343D8F53655}
		{61F0047F-6614-48D4-AD21-671269E5001D} = {DB7E2EF0-1367-478D-B035-A9C9EACE7D29}
		{67EA7BCE-3E9C-4610-9FD9-CEAF3451985A} = {2D6DEE90-C7D1-42CA-B2FB-7B51BA4D511D}
		{EEC2C510-B9BF-4819-BBEA-57C476253CAD} = {2D6DEE90-C7D1-42CA-B2FB-7B51BA4D511D}
		{95A9D8AE-793A-4FA6-AE44-4CB0ED14E5E1} = {9FDC14F9-0029-46A5-835A-2BF8DF2A569D}
		{5495D8DD-89F6-4FFD-B110-9AF2DC4D0404} = {9FDC14F9-0029-46A5-835A-2BF8DF2A569D}
		{E4530FD2-A877-46DF-94C2-887D0277A115} = {5D9F246F-D0CD-4498-B4E6-25A158B38FC2}
		{A2236F3F-71A1-4E7C-A870-CA9F3503AA5A} = {5D9F246F-D0CD-4498-B4E6-25A158B38FC2}
	EndGlobalSection
	GlobalSection(ExtensibilityGlobals) = postSolution
		SolutionGuid = {DE43CC6B-3427-4ACC-BA4C-B6BB7347E5B1}
	EndGlobalSection
EndGlobal
