
Microsoft Visual Studio Solution File, Format Version 12.00
# Visual Studio Version 16
VisualStudioVersion = 16.0.30002.166
MinimumVisualStudioVersion = 10.0.40219.1
Project("{FAE04EC0-301F-11D3-BF4B-00C04F79EFBC}") = "ProductCatalog.Api", "ProductCatalog.Api\ProductCatalog.Api.csproj", "{3C7B304D-BC8F-47A8-9B95-0AD156AA7830}"
EndProject
Global
	GlobalSection(SolutionConfigurationPlatforms) = preSolution
		Debug|Any CPU = Debug|Any CPU
		Release|Any CPU = Release|Any CPU
	EndGlobalSection
	GlobalSection(ProjectConfigurationPlatforms) = postSolution
		{3C7B304D-BC8F-47A8-9B95-0AD156AA7830}.Debug|Any CPU.ActiveCfg = Debug|Any CPU
		{3C7B304D-BC8F-47A8-9B95-0AD156AA7830}.Debug|Any CPU.Build.0 = Debug|Any CPU
		{3C7B304D-BC8F-47A8-9B95-0AD156AA7830}.Release|Any CPU.ActiveCfg = Release|Any CPU
		{3C7B304D-BC8F-47A8-9B95-0AD156AA7830}.Release|Any CPU.Build.0 = Release|Any CPU
	EndGlobalSection
	GlobalSection(SolutionProperties) = preSolution
		HideSolutionNode = FALSE
	EndGlobalSection
	GlobalSection(ExtensibilityGlobals) = postSolution
		SolutionGuid = {EC4FB7CE-A398-45FD-AE75-5FEA4E52B1F5}
	EndGlobalSection
EndGlobal
