
Microsoft Visual Studio Solution File, Format Version 12.00
# Visual Studio Version 16
VisualStudioVersion = 16.0.30002.166
MinimumVisualStudioVersion = 10.0.40219.1
Project("{2150E333-8FDC-42A3-9474-1A3956D46DE8}") = "src", "src", "{3CD807FD-D8F5-4B9A-9C89-3DE8B2AA4665}"
EndProject
Project("{2150E333-8FDC-42A3-9474-1A3956D46DE8}") = "tests", "tests", "{A78D4492-BA06-4B37-BD50-FA299387A719}"
EndProject
Project("{9A19103F-16F7-4668-BE54-9A1E7A4F7556}") = "ProductCatalog.Api", "src\ProductCatalog.Api\ProductCatalog.Api.csproj", "{C40EC228-FE9B-4DBA-9B6F-EFA2E2C20646}"
EndProject
Project("{9A19103F-16F7-4668-BE54-9A1E7A4F7556}") = "ProductCatalog.Api.Tests", "tests\ProductCatalog.Api.Tests\ProductCatalog.Api.Tests.csproj", "{585F22D7-1C9E-4D94-8591-90932C5987DD}"
EndProject
Project("{9A19103F-16F7-4668-BE54-9A1E7A4F7556}") = "OrderManager.Common", "src\OrderManager.Common\OrderManager.Common.csproj", "{A0E42CCD-AD40-4A3C-997A-75B5A78B411E}"
EndProject
Project("{9A19103F-16F7-4668-BE54-9A1E7A4F7556}") = "RemoteProxy.Api", "src\RemoteProxy.Api\RemoteProxy.Api.csproj", "{6A5958D2-F9F7-42F2-B0FD-604E5D3DC669}"
EndProject
Project("{9A19103F-16F7-4668-BE54-9A1E7A4F7556}") = "RemoteProxy.Api.Tests", "tests\RemoteProxy.Api.Tests\RemoteProxy.Api.Tests.csproj", "{1AA3B6F7-DF0F-4831-B03D-52276485F666}"
EndProject
Project("{9A19103F-16F7-4668-BE54-9A1E7A4F7556}") = "Orders.Api", "src\Orders.Api\Orders.Api.csproj", "{78A4A758-8B0D-488E-8E8D-61712DDA2E16}"
EndProject
Project("{9A19103F-16F7-4668-BE54-9A1E7A4F7556}") = "Orders.Api.Tests", "tests\Orders.Api.Tests\Orders.Api.Tests.csproj", "{CE89E25F-B61B-4920-94F5-DD56EEBBC268}"
EndProject
Project("{FAE04EC0-301F-11D3-BF4B-00C04F79EFBC}") = "Basket.Api", "src\Basket.Api\Basket.Api.csproj", "{9B48AD27-70A2-4017-BF28-6199700C097E}"
EndProject
Global
	GlobalSection(SolutionConfigurationPlatforms) = preSolution
		Debug|Any CPU = Debug|Any CPU
		Release|Any CPU = Release|Any CPU
	EndGlobalSection
	GlobalSection(ProjectConfigurationPlatforms) = postSolution
		{C40EC228-FE9B-4DBA-9B6F-EFA2E2C20646}.Debug|Any CPU.ActiveCfg = Debug|Any CPU
		{C40EC228-FE9B-4DBA-9B6F-EFA2E2C20646}.Debug|Any CPU.Build.0 = Debug|Any CPU
		{C40EC228-FE9B-4DBA-9B6F-EFA2E2C20646}.Release|Any CPU.ActiveCfg = Release|Any CPU
		{C40EC228-FE9B-4DBA-9B6F-EFA2E2C20646}.Release|Any CPU.Build.0 = Release|Any CPU
		{585F22D7-1C9E-4D94-8591-90932C5987DD}.Debug|Any CPU.ActiveCfg = Debug|Any CPU
		{585F22D7-1C9E-4D94-8591-90932C5987DD}.Debug|Any CPU.Build.0 = Debug|Any CPU
		{585F22D7-1C9E-4D94-8591-90932C5987DD}.Release|Any CPU.ActiveCfg = Release|Any CPU
		{585F22D7-1C9E-4D94-8591-90932C5987DD}.Release|Any CPU.Build.0 = Release|Any CPU
		{A0E42CCD-AD40-4A3C-997A-75B5A78B411E}.Debug|Any CPU.ActiveCfg = Debug|Any CPU
		{A0E42CCD-AD40-4A3C-997A-75B5A78B411E}.Debug|Any CPU.Build.0 = Debug|Any CPU
		{A0E42CCD-AD40-4A3C-997A-75B5A78B411E}.Release|Any CPU.ActiveCfg = Release|Any CPU
		{A0E42CCD-AD40-4A3C-997A-75B5A78B411E}.Release|Any CPU.Build.0 = Release|Any CPU
		{6A5958D2-F9F7-42F2-B0FD-604E5D3DC669}.Debug|Any CPU.ActiveCfg = Debug|Any CPU
		{6A5958D2-F9F7-42F2-B0FD-604E5D3DC669}.Debug|Any CPU.Build.0 = Debug|Any CPU
		{6A5958D2-F9F7-42F2-B0FD-604E5D3DC669}.Release|Any CPU.ActiveCfg = Release|Any CPU
		{6A5958D2-F9F7-42F2-B0FD-604E5D3DC669}.Release|Any CPU.Build.0 = Release|Any CPU
		{1AA3B6F7-DF0F-4831-B03D-52276485F666}.Debug|Any CPU.ActiveCfg = Debug|Any CPU
		{1AA3B6F7-DF0F-4831-B03D-52276485F666}.Debug|Any CPU.Build.0 = Debug|Any CPU
		{1AA3B6F7-DF0F-4831-B03D-52276485F666}.Release|Any CPU.ActiveCfg = Release|Any CPU
		{1AA3B6F7-DF0F-4831-B03D-52276485F666}.Release|Any CPU.Build.0 = Release|Any CPU
		{78A4A758-8B0D-488E-8E8D-61712DDA2E16}.Debug|Any CPU.ActiveCfg = Debug|Any CPU
		{78A4A758-8B0D-488E-8E8D-61712DDA2E16}.Debug|Any CPU.Build.0 = Debug|Any CPU
		{78A4A758-8B0D-488E-8E8D-61712DDA2E16}.Release|Any CPU.ActiveCfg = Release|Any CPU
		{78A4A758-8B0D-488E-8E8D-61712DDA2E16}.Release|Any CPU.Build.0 = Release|Any CPU
		{CE89E25F-B61B-4920-94F5-DD56EEBBC268}.Debug|Any CPU.ActiveCfg = Debug|Any CPU
		{CE89E25F-B61B-4920-94F5-DD56EEBBC268}.Debug|Any CPU.Build.0 = Debug|Any CPU
		{CE89E25F-B61B-4920-94F5-DD56EEBBC268}.Release|Any CPU.ActiveCfg = Release|Any CPU
		{CE89E25F-B61B-4920-94F5-DD56EEBBC268}.Release|Any CPU.Build.0 = Release|Any CPU
		{9B48AD27-70A2-4017-BF28-6199700C097E}.Debug|Any CPU.ActiveCfg = Debug|Any CPU
		{9B48AD27-70A2-4017-BF28-6199700C097E}.Debug|Any CPU.Build.0 = Debug|Any CPU
		{9B48AD27-70A2-4017-BF28-6199700C097E}.Release|Any CPU.ActiveCfg = Release|Any CPU
		{9B48AD27-70A2-4017-BF28-6199700C097E}.Release|Any CPU.Build.0 = Release|Any CPU
	EndGlobalSection
	GlobalSection(SolutionProperties) = preSolution
		HideSolutionNode = FALSE
	EndGlobalSection
	GlobalSection(NestedProjects) = preSolution
		{C40EC228-FE9B-4DBA-9B6F-EFA2E2C20646} = {3CD807FD-D8F5-4B9A-9C89-3DE8B2AA4665}
		{585F22D7-1C9E-4D94-8591-90932C5987DD} = {A78D4492-BA06-4B37-BD50-FA299387A719}
		{A0E42CCD-AD40-4A3C-997A-75B5A78B411E} = {3CD807FD-D8F5-4B9A-9C89-3DE8B2AA4665}
		{6A5958D2-F9F7-42F2-B0FD-604E5D3DC669} = {3CD807FD-D8F5-4B9A-9C89-3DE8B2AA4665}
		{1AA3B6F7-DF0F-4831-B03D-52276485F666} = {A78D4492-BA06-4B37-BD50-FA299387A719}
		{78A4A758-8B0D-488E-8E8D-61712DDA2E16} = {3CD807FD-D8F5-4B9A-9C89-3DE8B2AA4665}
		{CE89E25F-B61B-4920-94F5-DD56EEBBC268} = {A78D4492-BA06-4B37-BD50-FA299387A719}
		{9B48AD27-70A2-4017-BF28-6199700C097E} = {3CD807FD-D8F5-4B9A-9C89-3DE8B2AA4665}
	EndGlobalSection
	GlobalSection(ExtensibilityGlobals) = postSolution
		SolutionGuid = {B1CD2FE2-6321-45D0-A4A3-86CFB00B9791}
	EndGlobalSection
EndGlobal
